
Microsoft Visual Studio Solution File, Format Version 12.00
# Visual Studio Version 16
VisualStudioVersion = 16.0.31911.196
MinimumVisualStudioVersion = 10.0.40219.1
Project("{FAE04EC0-301F-11D3-BF4B-00C04F79EFBC}") = "BusProject", "BusProject\BusProject.csproj", "{2FB2E222-B951-495E-9EA7-8055DE9D9423}"
EndProject
Global
	GlobalSection(SolutionConfigurationPlatforms) = preSolution
		Debug|Any CPU = Debug|Any CPU
		Release|Any CPU = Release|Any CPU
	EndGlobalSection
	GlobalSection(ProjectConfigurationPlatforms) = postSolution
		{2FB2E222-B951-495E-9EA7-8055DE9D9423}.Debug|Any CPU.ActiveCfg = Debug|Any CPU
		{2FB2E222-B951-495E-9EA7-8055DE9D9423}.Debug|Any CPU.Build.0 = Debug|Any CPU
		{2FB2E222-B951-495E-9EA7-8055DE9D9423}.Release|Any CPU.ActiveCfg = Release|Any CPU
		{2FB2E222-B951-495E-9EA7-8055DE9D9423}.Release|Any CPU.Build.0 = Release|Any CPU
	EndGlobalSection
	GlobalSection(SolutionProperties) = preSolution
		HideSolutionNode = FALSE
	EndGlobalSection
	GlobalSection(ExtensibilityGlobals) = postSolution
		SolutionGuid = {7997AC58-1E9B-4962-AFF9-44DEF4AB931B}
	EndGlobalSection
EndGlobal
